{
  "name": "minefield",
  "version": "0.1.0",
  "lockfileVersion": 1,
  "dependencies": {
    "immutable": {
      "version": "3.8.1",
      "resolved": "https://registry.npmjs.org/immutable/-/immutable-3.8.1.tgz",
      "integrity": "sha1-IAgH8Rqw9ycQ6khVQt4IgHX2jNI="
    },
    "redux-immutable": {
      "version": "4.0.0",
      "resolved": "https://registry.npmjs.org/redux-immutable/-/redux-immutable-4.0.0.tgz",
      "integrity": "sha1-Ohoy32Y2ZGK2NpHw4dw15HK7yfM="
    }
  }
}
